{
  "version": 4,
  "terraform_version": "1.5.7",
  "serial": 21,
  "lineage": "51e22d4b-c349-3dc1-d641-3545b0302f38",
  "outputs": {},
  "resources": [
    {
      "mode": "managed",
      "type": "local_file",
      "name": "this",
      "provider": "provider[\"registry.terraform.io/hashicorp/local\"]",
      "instances": [
        {
          "schema_version": 0,
          "attributes": {
            "content": null,
            "content_base64": "W21hc3Rlcl0gIFtub2RlXSA=",
            "content_base64sha256": "dd9lNyBudOFauZ5XRNqVdV6TW1FuVQBxbK9+XcrnlLc=",
            "content_base64sha512": "YnYC/aaV6iqDbfrGr6yc/T6rLMLbWsOvUsdmhxsLGuqw4oK7TU1GEu36R4nGpj+rKkBpNVg8IZOKmUc77uuDvA==",
            "content_md5": "6ba9afbdde260fe89110ce5c3a94fa5f",
            "content_sha1": "51135dbe87827f4c7f49eaa95170b405fd45d617",
            "content_sha256": "75df6537206e74e15ab99e5744da95755e935b516e5500716caf7e5dcae794b7",
            "content_sha512": "627602fda695ea2a836dfac6afac9cfd3eab2cc2db5ac3af52c766871b0b1aeab0e282bb4d4d4612edfa4789c6a63fab2a406935583c21938a99473beeeb83bc",
            "directory_permission": "0777",
            "file_permission": "0777",
            "filename": "/home/msabljic/Devops/code-catalog/infrastructure/features/k3s-cluster/host.ini",
            "id": "51135dbe87827f4c7f49eaa95170b405fd45d617",
            "sensitive_content": null,
            "source": null
          },
          "sensitive_attributes": [],
          "dependencies": [
            "null_resource.this"
          ]
        }
      ]
    },
    {
      "mode": "managed",
      "type": "null_resource",
      "name": "this",
      "provider": "provider[\"registry.terraform.io/hashicorp/null\"]",
      "instances": [
        {
          "schema_version": 0,
          "attributes": {
            "id": "3665818005497277794",
            "triggers": null
          },
          "sensitive_attributes": []
        }
      ]
    }
  ],
  "check_results": null
}
